
Microsoft Visual Studio Solution File, Format Version 12.00
# Visual Studio Version 17
VisualStudioVersion = 17.13.35931.197 d17.13
MinimumVisualStudioVersion = 10.0.40219.1
Project("{FAE04EC0-301F-11D3-BF4B-00C04F79EFBC}") = "EDD 4.2. CRUD de Estudiantes", "EDD 4.2. CRUD de Estudiantes\EDD 4.2. CRUD de Estudiantes.csproj", "{8D45B05A-7F6D-5013-D7D8-C358F34C635D}"
EndProject
Global
	GlobalSection(SolutionConfigurationPlatforms) = preSolution
		Debug|Any CPU = Debug|Any CPU
		Release|Any CPU = Release|Any CPU
	EndGlobalSection
	GlobalSection(ProjectConfigurationPlatforms) = postSolution
		{8D45B05A-7F6D-5013-D7D8-C358F34C635D}.Debug|Any CPU.ActiveCfg = Debug|Any CPU
		{8D45B05A-7F6D-5013-D7D8-C358F34C635D}.Debug|Any CPU.Build.0 = Debug|Any CPU
		{8D45B05A-7F6D-5013-D7D8-C358F34C635D}.Release|Any CPU.ActiveCfg = Release|Any CPU
		{8D45B05A-7F6D-5013-D7D8-C358F34C635D}.Release|Any CPU.Build.0 = Release|Any CPU
	EndGlobalSection
	GlobalSection(SolutionProperties) = preSolution
		HideSolutionNode = FALSE
	EndGlobalSection
	GlobalSection(ExtensibilityGlobals) = postSolution
		SolutionGuid = {16EA7F92-7CB1-4F51-84C7-075E2CC7B012}
	EndGlobalSection
EndGlobal
