
Microsoft Visual Studio Solution File, Format Version 12.00
# Visual Studio Version 17
VisualStudioVersion = 17.13.35931.197 d17.13
MinimumVisualStudioVersion = 10.0.40219.1
Project("{FAE04EC0-301F-11D3-BF4B-00C04F79EFBC}") = "EDD 4.1. Simulación de Baraja de Cartas", "EDD 4.1. Simulación de Baraja de Cartas\EDD 4.1. Simulación de Baraja de Cartas.csproj", "{3D0982B9-EC05-3E7B-B12E-2D6C4D1B6672}"
EndProject
Global
	GlobalSection(SolutionConfigurationPlatforms) = preSolution
		Debug|Any CPU = Debug|Any CPU
		Release|Any CPU = Release|Any CPU
	EndGlobalSection
	GlobalSection(ProjectConfigurationPlatforms) = postSolution
		{3D0982B9-EC05-3E7B-B12E-2D6C4D1B6672}.Debug|Any CPU.ActiveCfg = Debug|Any CPU
		{3D0982B9-EC05-3E7B-B12E-2D6C4D1B6672}.Debug|Any CPU.Build.0 = Debug|Any CPU
		{3D0982B9-EC05-3E7B-B12E-2D6C4D1B6672}.Release|Any CPU.ActiveCfg = Release|Any CPU
		{3D0982B9-EC05-3E7B-B12E-2D6C4D1B6672}.Release|Any CPU.Build.0 = Release|Any CPU
	EndGlobalSection
	GlobalSection(SolutionProperties) = preSolution
		HideSolutionNode = FALSE
	EndGlobalSection
	GlobalSection(ExtensibilityGlobals) = postSolution
		SolutionGuid = {5E2C72ED-A99E-459E-8182-C01B510CC664}
	EndGlobalSection
EndGlobal
