
Microsoft Visual Studio Solution File, Format Version 12.00
# Visual Studio Version 17
VisualStudioVersion = 17.13.35931.197 d17.13
MinimumVisualStudioVersion = 10.0.40219.1
Project("{FAE04EC0-301F-11D3-BF4B-00C04F79EFBC}") = "EDD 4.3. Procesamiento de Matriz", "EDD 4.3. Procesamiento de Matriz\EDD 4.3. Procesamiento de Matriz.csproj", "{FD4963E5-8326-433F-AE32-454281BD9104}"
EndProject
Global
	GlobalSection(SolutionConfigurationPlatforms) = preSolution
		Debug|Any CPU = Debug|Any CPU
		Release|Any CPU = Release|Any CPU
	EndGlobalSection
	GlobalSection(ProjectConfigurationPlatforms) = postSolution
		{FD4963E5-8326-433F-AE32-454281BD9104}.Debug|Any CPU.ActiveCfg = Debug|Any CPU
		{FD4963E5-8326-433F-AE32-454281BD9104}.Debug|Any CPU.Build.0 = Debug|Any CPU
		{FD4963E5-8326-433F-AE32-454281BD9104}.Release|Any CPU.ActiveCfg = Release|Any CPU
		{FD4963E5-8326-433F-AE32-454281BD9104}.Release|Any CPU.Build.0 = Release|Any CPU
	EndGlobalSection
	GlobalSection(SolutionProperties) = preSolution
		HideSolutionNode = FALSE
	EndGlobalSection
	GlobalSection(ExtensibilityGlobals) = postSolution
		SolutionGuid = {5E40D3A5-94F4-428A-8792-D5A8774D35D5}
	EndGlobalSection
EndGlobal
